// !$*UTF8*$!
{
	archiveVersion = 1;
	classes = {
	};
	objectVersion = 51;
	objects = {

/* Begin PBXBuildFile section */
		104A1904238878A300C64FAF /* Message.swift in Sources */ = {isa = PBXBuildFile; fileRef = 104A1903238878A300C64FAF /* Message.swift */; };
		104A19072388844F00C64FAF /* CustomBotTableViewCell.swift in Sources */ = {isa = PBXBuildFile; fileRef = 104A19052388844F00C64FAF /* CustomBotTableViewCell.swift */; };
		104A19082388844F00C64FAF /* CustomBotTableViewCell.xib in Resources */ = {isa = PBXBuildFile; fileRef = 104A19062388844F00C64FAF /* CustomBotTableViewCell.xib */; };
		104A190E238892F700C64FAF /* CustomUserTableViewCell.swift in Sources */ = {isa = PBXBuildFile; fileRef = 104A190C238892F600C64FAF /* CustomUserTableViewCell.swift */; };
		104A190F238892F700C64FAF /* CustomUserTableViewCell.xib in Resources */ = {isa = PBXBuildFile; fileRef = 104A190D238892F700C64FAF /* CustomUserTableViewCell.xib */; };
		106F5FC823DF6FBB0085AE61 /* Reachability.swift in Sources */ = {isa = PBXBuildFile; fileRef = 106F5FC723DF6FBB0085AE61 /* Reachability.swift */; };
		106F5FCA23E1A9AE0085AE61 /* Extensions.swift in Sources */ = {isa = PBXBuildFile; fileRef = 106F5FC923E1A9AE0085AE61 /* Extensions.swift */; };
		106F5FCD23E1AAA10085AE61 /* Utils.swift in Sources */ = {isa = PBXBuildFile; fileRef = 106F5FCC23E1AAA10085AE61 /* Utils.swift */; };
		106F5FCF23E1ACB30085AE61 /* TableViewDataModel.swift in Sources */ = {isa = PBXBuildFile; fileRef = 106F5FCE23E1ACB30085AE61 /* TableViewDataModel.swift */; };
		106F5FD123E1AF1E0085AE61 /* SpeechRecognition.swift in Sources */ = {isa = PBXBuildFile; fileRef = 106F5FD023E1AF1E0085AE61 /* SpeechRecognition.swift */; };
		108F17AF2386B5770037B97E /* AppDelegate.swift in Sources */ = {isa = PBXBuildFile; fileRef = 108F17AE2386B5770037B97E /* AppDelegate.swift */; };
		108F17B12386B5770037B97E /* SceneDelegate.swift in Sources */ = {isa = PBXBuildFile; fileRef = 108F17B02386B5770037B97E /* SceneDelegate.swift */; };
		108F17B62386B5770037B97E /* Main.storyboard in Resources */ = {isa = PBXBuildFile; fileRef = 108F17B42386B5770037B97E /* Main.storyboard */; };
		108F17B82386B57A0037B97E /* Assets.xcassets in Resources */ = {isa = PBXBuildFile; fileRef = 108F17B72386B57A0037B97E /* Assets.xcassets */; };
		108F17BB2386B57A0037B97E /* LaunchScreen.storyboard in Resources */ = {isa = PBXBuildFile; fileRef = 108F17B92386B57A0037B97E /* LaunchScreen.storyboard */; };
		108F17C32386B66A0037B97E /* FirstViewController.swift in Sources */ = {isa = PBXBuildFile; fileRef = 108F17C22386B66A0037B97E /* FirstViewController.swift */; };
		6E8C774B5537B86B52877073 /* Pods_Siri.framework in Frameworks */ = {isa = PBXBuildFile; fileRef = 20456F0599E676A7704A203B /* Pods_Siri.framework */; };
/* End PBXBuildFile section */

/* Begin PBXFileReference section */
		104A1903238878A300C64FAF /* Message.swift */ = {isa = PBXFileReference; lastKnownFileType = sourcecode.swift; path = Message.swift; sourceTree = "<group>"; };
		104A19052388844F00C64FAF /* CustomBotTableViewCell.swift */ = {isa = PBXFileReference; lastKnownFileType = sourcecode.swift; path = CustomBotTableViewCell.swift; sourceTree = "<group>"; };
		104A19062388844F00C64FAF /* CustomBotTableViewCell.xib */ = {isa = PBXFileReference; lastKnownFileType = file.xib; path = CustomBotTableViewCell.xib; sourceTree = "<group>"; };
		104A190C238892F600C64FAF /* CustomUserTableViewCell.swift */ = {isa = PBXFileReference; lastKnownFileType = sourcecode.swift; path = CustomUserTableViewCell.swift; sourceTree = "<group>"; };
		104A190D238892F700C64FAF /* CustomUserTableViewCell.xib */ = {isa = PBXFileReference; lastKnownFileType = file.xib; path = CustomUserTableViewCell.xib; sourceTree = "<group>"; };
		106F5FC723DF6FBB0085AE61 /* Reachability.swift */ = {isa = PBXFileReference; lastKnownFileType = sourcecode.swift; path = Reachability.swift; sourceTree = "<group>"; };
		106F5FC923E1A9AE0085AE61 /* Extensions.swift */ = {isa = PBXFileReference; lastKnownFileType = sourcecode.swift; path = Extensions.swift; sourceTree = "<group>"; };
		106F5FCC23E1AAA10085AE61 /* Utils.swift */ = {isa = PBXFileReference; lastKnownFileType = sourcecode.swift; path = Utils.swift; sourceTree = "<group>"; };
		106F5FCE23E1ACB30085AE61 /* TableViewDataModel.swift */ = {isa = PBXFileReference; lastKnownFileType = sourcecode.swift; path = TableViewDataModel.swift; sourceTree = "<group>"; };
		106F5FD023E1AF1E0085AE61 /* SpeechRecognition.swift */ = {isa = PBXFileReference; lastKnownFileType = sourcecode.swift; path = SpeechRecognition.swift; sourceTree = "<group>"; };
		108F17AB2386B5770037B97E /* Siri.app */ = {isa = PBXFileReference; explicitFileType = wrapper.application; includeInIndex = 0; path = Siri.app; sourceTree = BUILT_PRODUCTS_DIR; };
		108F17AE2386B5770037B97E /* AppDelegate.swift */ = {isa = PBXFileReference; lastKnownFileType = sourcecode.swift; path = AppDelegate.swift; sourceTree = "<group>"; };
		108F17B02386B5770037B97E /* SceneDelegate.swift */ = {isa = PBXFileReference; lastKnownFileType = sourcecode.swift; path = SceneDelegate.swift; sourceTree = "<group>"; };
		108F17B52386B5770037B97E /* Base */ = {isa = PBXFileReference; lastKnownFileType = file.storyboard; name = Base; path = Base.lproj/Main.storyboard; sourceTree = "<group>"; };
		108F17B72386B57A0037B97E /* Assets.xcassets */ = {isa = PBXFileReference; lastKnownFileType = folder.assetcatalog; path = Assets.xcassets; sourceTree = "<group>"; };
		108F17BA2386B57A0037B97E /* Base */ = {isa = PBXFileReference; lastKnownFileType = file.storyboard; name = Base; path = Base.lproj/LaunchScreen.storyboard; sourceTree = "<group>"; };
		108F17BC2386B57A0037B97E /* Info.plist */ = {isa = PBXFileReference; lastKnownFileType = text.plist.xml; path = Info.plist; sourceTree = "<group>"; };
		108F17C22386B66A0037B97E /* FirstViewController.swift */ = {isa = PBXFileReference; lastKnownFileType = sourcecode.swift; path = FirstViewController.swift; sourceTree = "<group>"; };
		20456F0599E676A7704A203B /* Pods_Siri.framework */ = {isa = PBXFileReference; explicitFileType = wrapper.framework; includeInIndex = 0; path = Pods_Siri.framework; sourceTree = BUILT_PRODUCTS_DIR; };
		80AC1AAB0C0DBDE1AAE2D177 /* Pods-Siri.debug.xcconfig */ = {isa = PBXFileReference; includeInIndex = 1; lastKnownFileType = text.xcconfig; name = "Pods-Siri.debug.xcconfig"; path = "Target Support Files/Pods-Siri/Pods-Siri.debug.xcconfig"; sourceTree = "<group>"; };
		A02072472D5C110CA0543454 /* Pods-Siri.release.xcconfig */ = {isa = PBXFileReference; includeInIndex = 1; lastKnownFileType = text.xcconfig; name = "Pods-Siri.release.xcconfig"; path = "Target Support Files/Pods-Siri/Pods-Siri.release.xcconfig"; sourceTree = "<group>"; };
/* End PBXFileReference section */

/* Begin PBXFrameworksBuildPhase section */
		108F17A82386B5770037B97E /* Frameworks */ = {
			isa = PBXFrameworksBuildPhase;
			buildActionMask = 2147483647;
			files = (
				6E8C774B5537B86B52877073 /* Pods_Siri.framework in Frameworks */,
			);
			runOnlyForDeploymentPostprocessing = 0;
		};
/* End PBXFrameworksBuildPhase section */

/* Begin PBXGroup section */
		104A19092388928500C64FAF /* Model */ = {
			isa = PBXGroup;
			children = (
				104A1903238878A300C64FAF /* Message.swift */,
				106F5FC723DF6FBB0085AE61 /* Reachability.swift */,
				106F5FCC23E1AAA10085AE61 /* Utils.swift */,
				106F5FD023E1AF1E0085AE61 /* SpeechRecognition.swift */,
			);
			path = Model;
			sourceTree = "<group>";
		};
		104A190A2388929600C64FAF /* View */ = {
			isa = PBXGroup;
			children = (
				104A19052388844F00C64FAF /* CustomBotTableViewCell.swift */,
				104A19062388844F00C64FAF /* CustomBotTableViewCell.xib */,
				104A190C238892F600C64FAF /* CustomUserTableViewCell.swift */,
				104A190D238892F700C64FAF /* CustomUserTableViewCell.xib */,
				108F17B42386B5770037B97E /* Main.storyboard */,
				108F17B92386B57A0037B97E /* LaunchScreen.storyboard */,
			);
			path = View;
			sourceTree = "<group>";
		};
		104A190B238892A000C64FAF /* Controller */ = {
			isa = PBXGroup;
			children = (
				108F17C22386B66A0037B97E /* FirstViewController.swift */,
				106F5FCE23E1ACB30085AE61 /* TableViewDataModel.swift */,
			);
			path = Controller;
			sourceTree = "<group>";
		};
		106F5FCB23E1A9B20085AE61 /* Extensions */ = {
			isa = PBXGroup;
			children = (
				106F5FC923E1A9AE0085AE61 /* Extensions.swift */,
			);
			path = Extensions;
			sourceTree = "<group>";
		};
		108F17A22386B5770037B97E = {
			isa = PBXGroup;
			children = (
				108F17AD2386B5770037B97E /* Siri */,
				108F17AC2386B5770037B97E /* Products */,
				174D095FCC73FAF591AE3D7B /* Pods */,
				865C9829162E87AD6A305219 /* Frameworks */,
			);
			sourceTree = "<group>";
		};
		108F17AC2386B5770037B97E /* Products */ = {
			isa = PBXGroup;
			children = (
				108F17AB2386B5770037B97E /* Siri.app */,
			);
			name = Products;
			sourceTree = "<group>";
		};
		108F17AD2386B5770037B97E /* Siri */ = {
			isa = PBXGroup;
			children = (
				108F17AE2386B5770037B97E /* AppDelegate.swift */,
				108F17B02386B5770037B97E /* SceneDelegate.swift */,
				104A19092388928500C64FAF /* Model */,
				104A190B238892A000C64FAF /* Controller */,
				104A190A2388929600C64FAF /* View */,
				108F17B72386B57A0037B97E /* Assets.xcassets */,
				108F17BC2386B57A0037B97E /* Info.plist */,
				106F5FCB23E1A9B20085AE61 /* Extensions */,
			);
			path = Siri;
			sourceTree = "<group>";
		};
		174D095FCC73FAF591AE3D7B /* Pods */ = {
			isa = PBXGroup;
			children = (
				80AC1AAB0C0DBDE1AAE2D177 /* Pods-Siri.debug.xcconfig */,
				A02072472D5C110CA0543454 /* Pods-Siri.release.xcconfig */,
			);
			path = Pods;
			sourceTree = "<group>";
		};
		865C9829162E87AD6A305219 /* Frameworks */ = {
			isa = PBXGroup;
			children = (
				20456F0599E676A7704A203B /* Pods_Siri.framework */,
			);
			name = Frameworks;
			sourceTree = "<group>";
		};
/* End PBXGroup section */

/* Begin PBXNativeTarget section */
		108F17AA2386B5770037B97E /* Siri */ = {
			isa = PBXNativeTarget;
			buildConfigurationList = 108F17BF2386B57A0037B97E /* Build configuration list for PBXNativeTarget "Siri" */;
			buildPhases = (
				4835BB0AFF830EC5A9AE2783 /* [CP] Check Pods Manifest.lock */,
				108F17A72386B5770037B97E /* Sources */,
				108F17A82386B5770037B97E /* Frameworks */,
				108F17A92386B5770037B97E /* Resources */,
				1FAE6DB8CA0AC1AC7FDBE45E /* [CP] Embed Pods Frameworks */,
			);
			buildRules = (
			);
			dependencies = (
			);
			name = Siri;
			productName = Siri;
			productReference = 108F17AB2386B5770037B97E /* Siri.app */;
			productType = "com.apple.product-type.application";
		};
/* End PBXNativeTarget section */

/* Begin PBXProject section */
		108F17A32386B5770037B97E /* Project object */ = {
			isa = PBXProject;
			attributes = {
				LastSwiftUpdateCheck = 1110;
				LastUpgradeCheck = 1110;
				ORGANIZATIONNAME = "Steve Vovchyna";
				TargetAttributes = {
					108F17AA2386B5770037B97E = {
						CreatedOnToolsVersion = 11.1;
					};
				};
			};
			buildConfigurationList = 108F17A62386B5770037B97E /* Build configuration list for PBXProject "Siri" */;
			compatibilityVersion = "Xcode 9.3";
			developmentRegion = en;
			hasScannedForEncodings = 0;
			knownRegions = (
				en,
				Base,
			);
			mainGroup = 108F17A22386B5770037B97E;
			productRefGroup = 108F17AC2386B5770037B97E /* Products */;
			projectDirPath = "";
			projectRoot = "";
			targets = (
				108F17AA2386B5770037B97E /* Siri */,
			);
		};
/* End PBXProject section */

/* Begin PBXResourcesBuildPhase section */
		108F17A92386B5770037B97E /* Resources */ = {
			isa = PBXResourcesBuildPhase;
			buildActionMask = 2147483647;
			files = (
				108F17BB2386B57A0037B97E /* LaunchScreen.storyboard in Resources */,
				108F17B82386B57A0037B97E /* Assets.xcassets in Resources */,
				104A19082388844F00C64FAF /* CustomBotTableViewCell.xib in Resources */,
				108F17B62386B5770037B97E /* Main.storyboard in Resources */,
				104A190F238892F700C64FAF /* CustomUserTableViewCell.xib in Resources */,
			);
			runOnlyForDeploymentPostprocessing = 0;
		};
/* End PBXResourcesBuildPhase section */

/* Begin PBXShellScriptBuildPhase section */
		1FAE6DB8CA0AC1AC7FDBE45E /* [CP] Embed Pods Frameworks */ = {
			isa = PBXShellScriptBuildPhase;
			buildActionMask = 2147483647;
			files = (
			);
			inputFileListPaths = (
				"${PODS_ROOT}/Target Support Files/Pods-Siri/Pods-Siri-frameworks-${CONFIGURATION}-input-files.xcfilelist",
			);
			name = "[CP] Embed Pods Frameworks";
			outputFileListPaths = (
				"${PODS_ROOT}/Target Support Files/Pods-Siri/Pods-Siri-frameworks-${CONFIGURATION}-output-files.xcfilelist",
			);
			runOnlyForDeploymentPostprocessing = 0;
			shellPath = /bin/sh;
			shellScript = "\"${PODS_ROOT}/Target Support Files/Pods-Siri/Pods-Siri-frameworks.sh\"\n";
			showEnvVarsInLog = 0;
		};
		4835BB0AFF830EC5A9AE2783 /* [CP] Check Pods Manifest.lock */ = {
			isa = PBXShellScriptBuildPhase;
			buildActionMask = 2147483647;
			files = (
			);
			inputFileListPaths = (
			);
			inputPaths = (
				"${PODS_PODFILE_DIR_PATH}/Podfile.lock",
				"${PODS_ROOT}/Manifest.lock",
			);
			name = "[CP] Check Pods Manifest.lock";
			outputFileListPaths = (
			);
			outputPaths = (
				"$(DERIVED_FILE_DIR)/Pods-Siri-checkManifestLockResult.txt",
			);
			runOnlyForDeploymentPostprocessing = 0;
			shellPath = /bin/sh;
			shellScript = "diff \"${PODS_PODFILE_DIR_PATH}/Podfile.lock\" \"${PODS_ROOT}/Manifest.lock\" > /dev/null\nif [ $? != 0 ] ; then\n    # print error to STDERR\n    echo \"error: The sandbox is not in sync with the Podfile.lock. Run 'pod install' or update your CocoaPods installation.\" >&2\n    exit 1\nfi\n# This output is used by Xcode 'outputs' to avoid re-running this script phase.\necho \"SUCCESS\" > \"${SCRIPT_OUTPUT_FILE_0}\"\n";
			showEnvVarsInLog = 0;
		};
/* End PBXShellScriptBuildPhase section */

/* Begin PBXSourcesBuildPhase section */
		108F17A72386B5770037B97E /* Sources */ = {
			isa = PBXSourcesBuildPhase;
			buildActionMask = 2147483647;
			files = (
				106F5FC823DF6FBB0085AE61 /* Reachability.swift in Sources */,
				108F17AF2386B5770037B97E /* AppDelegate.swift in Sources */,
				106F5FCD23E1AAA10085AE61 /* Utils.swift in Sources */,
				106F5FD123E1AF1E0085AE61 /* SpeechRecognition.swift in Sources */,
				104A190E238892F700C64FAF /* CustomUserTableViewCell.swift in Sources */,
				106F5FCA23E1A9AE0085AE61 /* Extensions.swift in Sources */,
				106F5FCF23E1ACB30085AE61 /* TableViewDataModel.swift in Sources */,
				108F17B12386B5770037B97E /* SceneDelegate.swift in Sources */,
				104A1904238878A300C64FAF /* Message.swift in Sources */,
				108F17C32386B66A0037B97E /* FirstViewController.swift in Sources */,
				104A19072388844F00C64FAF /* CustomBotTableViewCell.swift in Sources */,
			);
			runOnlyForDeploymentPostprocessing = 0;
		};
/* End PBXSourcesBuildPhase section */

/* Begin PBXVariantGroup section */
		108F17B42386B5770037B97E /* Main.storyboard */ = {
			isa = PBXVariantGroup;
			children = (
				108F17B52386B5770037B97E /* Base */,
			);
			name = Main.storyboard;
			sourceTree = "<group>";
		};
		108F17B92386B57A0037B97E /* LaunchScreen.storyboard */ = {
			isa = PBXVariantGroup;
			children = (
				108F17BA2386B57A0037B97E /* Base */,
			);
			name = LaunchScreen.storyboard;
			sourceTree = "<group>";
		};
/* End PBXVariantGroup section */

/* Begin XCBuildConfiguration section */
		108F17BD2386B57A0037B97E /* Debug */ = {
			isa = XCBuildConfiguration;
			buildSettings = {
				ALWAYS_SEARCH_USER_PATHS = NO;
				CLANG_ANALYZER_NONNULL = YES;
				CLANG_ANALYZER_NUMBER_OBJECT_CONVERSION = YES_AGGRESSIVE;
				CLANG_CXX_LANGUAGE_STANDARD = "gnu++14";
				CLANG_CXX_LIBRARY = "libc++";
				CLANG_ENABLE_MODULES = YES;
				CLANG_ENABLE_OBJC_ARC = YES;
				CLANG_ENABLE_OBJC_WEAK = YES;
				CLANG_WARN_BLOCK_CAPTURE_AUTORELEASING = YES;
				CLANG_WARN_BOOL_CONVERSION = YES;
				CLANG_WARN_COMMA = YES;
				CLANG_WARN_CONSTANT_CONVERSION = YES;
				CLANG_WARN_DEPRECATED_OBJC_IMPLEMENTATIONS = YES;
				CLANG_WARN_DIRECT_OBJC_ISA_USAGE = YES_ERROR;
				CLANG_WARN_DOCUMENTATION_COMMENTS = YES;
				CLANG_WARN_EMPTY_BODY = YES;
				CLANG_WARN_ENUM_CONVERSION = YES;
				CLANG_WARN_INFINITE_RECURSION = YES;
				CLANG_WARN_INT_CONVERSION = YES;
				CLANG_WARN_NON_LITERAL_NULL_CONVERSION = YES;
				CLANG_WARN_OBJC_IMPLICIT_RETAIN_SELF = YES;
				CLANG_WARN_OBJC_LITERAL_CONVERSION = YES;
				CLANG_WARN_OBJC_ROOT_CLASS = YES_ERROR;
				CLANG_WARN_RANGE_LOOP_ANALYSIS = YES;
				CLANG_WARN_STRICT_PROTOTYPES = YES;
				CLANG_WARN_SUSPICIOUS_MOVE = YES;
				CLANG_WARN_UNGUARDED_AVAILABILITY = YES_AGGRESSIVE;
				CLANG_WARN_UNREACHABLE_CODE = YES;
				CLANG_WARN__DUPLICATE_METHOD_MATCH = YES;
				COPY_PHASE_STRIP = NO;
				DEBUG_INFORMATION_FORMAT = dwarf;
				ENABLE_STRICT_OBJC_MSGSEND = YES;
				ENABLE_TESTABILITY = YES;
				GCC_C_LANGUAGE_STANDARD = gnu11;
				GCC_DYNAMIC_NO_PIC = NO;
				GCC_NO_COMMON_BLOCKS = YES;
				GCC_OPTIMIZATION_LEVEL = 0;
				GCC_PREPROCESSOR_DEFINITIONS = (
					"DEBUG=1",
					"$(inherited)",
				);
				GCC_WARN_64_TO_32_BIT_CONVERSION = YES;
				GCC_WARN_ABOUT_RETURN_TYPE = YES_ERROR;
				GCC_WARN_UNDECLARED_SELECTOR = YES;
				GCC_WARN_UNINITIALIZED_AUTOS = YES_AGGRESSIVE;
				GCC_WARN_UNUSED_FUNCTION = YES;
				GCC_WARN_UNUSED_VARIABLE = YES;
				IPHONEOS_DEPLOYMENT_TARGET = 13.1;
				MTL_ENABLE_DEBUG_INFO = INCLUDE_SOURCE;
				MTL_FAST_MATH = YES;
				ONLY_ACTIVE_ARCH = YES;
				SDKROOT = iphoneos;
				SWIFT_ACTIVE_COMPILATION_CONDITIONS = DEBUG;
				SWIFT_OPTIMIZATION_LEVEL = "-Onone";
			};
			name = Debug;
		};
		108F17BE2386B57A0037B97E /* Release */ = {
			isa = XCBuildConfiguration;
			buildSettings = {
				ALWAYS_SEARCH_USER_PATHS = NO;
				CLANG_ANALYZER_NONNULL = YES;
				CLANG_ANALYZER_NUMBER_OBJECT_CONVERSION = YES_AGGRESSIVE;
				CLANG_CXX_LANGUAGE_STANDARD = "gnu++14";
				CLANG_CXX_LIBRARY = "libc++";
				CLANG_ENABLE_MODULES = YES;
				CLANG_ENABLE_OBJC_ARC = YES;
				CLANG_ENABLE_OBJC_WEAK = YES;
				CLANG_WARN_BLOCK_CAPTURE_AUTORELEASING = YES;
				CLANG_WARN_BOOL_CONVERSION = YES;
				CLANG_WARN_COMMA = YES;
				CLANG_WARN_CONSTANT_CONVERSION = YES;
				CLANG_WARN_DEPRECATED_OBJC_IMPLEMENTATIONS = YES;
				CLANG_WARN_DIRECT_OBJC_ISA_USAGE = YES_ERROR;
				CLANG_WARN_DOCUMENTATION_COMMENTS = YES;
				CLANG_WARN_EMPTY_BODY = YES;
				CLANG_WARN_ENUM_CONVERSION = YES;
				CLANG_WARN_INFINITE_RECURSION = YES;
				CLANG_WARN_INT_CONVERSION = YES;
				CLANG_WARN_NON_LITERAL_NULL_CONVERSION = YES;
				CLANG_WARN_OBJC_IMPLICIT_RETAIN_SELF = YES;
				CLANG_WARN_OBJC_LITERAL_CONVERSION = YES;
				CLANG_WARN_OBJC_ROOT_CLASS = YES_ERROR;
				CLANG_WARN_RANGE_LOOP_ANALYSIS = YES;
				CLANG_WARN_STRICT_PROTOTYPES = YES;
				CLANG_WARN_SUSPICIOUS_MOVE = YES;
				CLANG_WARN_UNGUARDED_AVAILABILITY = YES_AGGRESSIVE;
				CLANG_WARN_UNREACHABLE_CODE = YES;
				CLANG_WARN__DUPLICATE_METHOD_MATCH = YES;
				COPY_PHASE_STRIP = NO;
				DEBUG_INFORMATION_FORMAT = "dwarf-with-dsym";
				ENABLE_NS_ASSERTIONS = NO;
				ENABLE_STRICT_OBJC_MSGSEND = YES;
				GCC_C_LANGUAGE_STANDARD = gnu11;
				GCC_NO_COMMON_BLOCKS = YES;
				GCC_WARN_64_TO_32_BIT_CONVERSION = YES;
				GCC_WARN_ABOUT_RETURN_TYPE = YES_ERROR;
				GCC_WARN_UNDECLARED_SELECTOR = YES;
				GCC_WARN_UNINITIALIZED_AUTOS = YES_AGGRESSIVE;
				GCC_WARN_UNUSED_FUNCTION = YES;
				GCC_WARN_UNUSED_VARIABLE = YES;
				IPHONEOS_DEPLOYMENT_TARGET = 13.1;
				MTL_ENABLE_DEBUG_INFO = NO;
				MTL_FAST_MATH = YES;
				SDKROOT = iphoneos;
				SWIFT_COMPILATION_MODE = wholemodule;
				SWIFT_OPTIMIZATION_LEVEL = "-O";
				VALIDATE_PRODUCT = YES;
			};
			name = Release;
		};
		108F17C02386B57A0037B97E /* Debug */ = {
			isa = XCBuildConfiguration;
			baseConfigurationReference = 80AC1AAB0C0DBDE1AAE2D177 /* Pods-Siri.debug.xcconfig */;
			buildSettings = {
				ASSETCATALOG_COMPILER_APPICON_NAME = AppIcon;
				CODE_SIGN_STYLE = Automatic;
				DEVELOPMENT_TEAM = 68V7NHY2R5;
				INFOPLIST_FILE = Siri/Info.plist;
				LD_RUNPATH_SEARCH_PATHS = (
					"$(inherited)",
					"@executable_path/Frameworks",
				);
				PRODUCT_BUNDLE_IDENTIFIER = com.stevevovchyna.Siri;
				PRODUCT_NAME = "$(TARGET_NAME)";
				SWIFT_VERSION = 5.0;
				TARGETED_DEVICE_FAMILY = "1,2";
			};
			name = Debug;
		};
		108F17C12386B57A0037B97E /* Release */ = {
			isa = XCBuildConfiguration;
			baseConfigurationReference = A02072472D5C110CA0543454 /* Pods-Siri.release.xcconfig */;
			buildSettings = {
				ASSETCATALOG_COMPILER_APPICON_NAME = AppIcon;
				CODE_SIGN_STYLE = Automatic;
				DEVELOPMENT_TEAM = 68V7NHY2R5;
				INFOPLIST_FILE = Siri/Info.plist;
				LD_RUNPATH_SEARCH_PATHS = (
					"$(inherited)",
					"@executable_path/Frameworks",
				);
				PRODUCT_BUNDLE_IDENTIFIER = com.stevevovchyna.Siri;
				PRODUCT_NAME = "$(TARGET_NAME)";
				SWIFT_VERSION = 5.0;
				TARGETED_DEVICE_FAMILY = "1,2";
			};
			name = Release;
		};
/* End XCBuildConfiguration section */

/* Begin XCConfigurationList section */
		108F17A62386B5770037B97E /* Build configuration list for PBXProject "Siri" */ = {
			isa = XCConfigurationList;
			buildConfigurations = (
				108F17BD2386B57A0037B97E /* Debug */,
				108F17BE2386B57A0037B97E /* Release */,
			);
			defaultConfigurationIsVisible = 0;
			defaultConfigurationName = Release;
		};
		108F17BF2386B57A0037B97E /* Build configuration list for PBXNativeTarget "Siri" */ = {
			isa = XCConfigurationList;
			buildConfigurations = (
				108F17C02386B57A0037B97E /* Debug */,
				108F17C12386B57A0037B97E /* Release */,
			);
			defaultConfigurationIsVisible = 0;
			defaultConfigurationName = Release;
		};
/* End XCConfigurationList section */
	};
	rootObject = 108F17A32386B5770037B97E /* Project object */;
}
